// !$*UTF8*$!
{
	archiveVersion = 1;
	classes = {
	};
	objectVersion = 51;
	objects = {

/* Begin PBXBuildFile section */
		366155E5269C3E800067F5E4 /* AppDelegate.swift in Sources */ = {isa = PBXBuildFile; fileRef = 366155E4269C3E800067F5E4 /* AppDelegate.swift */; };
		366155E7269C3E800067F5E4 /* SceneDelegate.swift in Sources */ = {isa = PBXBuildFile; fileRef = 366155E6269C3E800067F5E4 /* SceneDelegate.swift */; };
		366155E9269C3E800067F5E4 /* TimerViewController.swift in Sources */ = {isa = PBXBuildFile; fileRef = 366155E8269C3E800067F5E4 /* TimerViewController.swift */; };
		366155EC269C3E800067F5E4 /* Main.storyboard in Resources */ = {isa = PBXBuildFile; fileRef = 366155EA269C3E800067F5E4 /* Main.storyboard */; };
		366155EE269C3E810067F5E4 /* Assets.xcassets in Resources */ = {isa = PBXBuildFile; fileRef = 366155ED269C3E810067F5E4 /* Assets.xcassets */; };
		366155F1269C3E810067F5E4 /* LaunchScreen.storyboard in Resources */ = {isa = PBXBuildFile; fileRef = 366155EF269C3E810067F5E4 /* LaunchScreen.storyboard */; };
		366155F9269C4C160067F5E4 /* TimePickerViewController.swift in Sources */ = {isa = PBXBuildFile; fileRef = 366155F8269C4C160067F5E4 /* TimePickerViewController.swift */; };
		366155FB269C5C710067F5E4 /* NSNotification.Name+CustomNotification.swift in Sources */ = {isa = PBXBuildFile; fileRef = 366155FA269C5C710067F5E4 /* NSNotification.Name+CustomNotification.swift */; };
		366155FD269C606B0067F5E4 /* UInt+timeString.swift in Sources */ = {isa = PBXBuildFile; fileRef = 366155FC269C606B0067F5E4 /* UInt+timeString.swift */; };
		366155FF269DEED80067F5E4 /* HMSTimer.swift in Sources */ = {isa = PBXBuildFile; fileRef = 366155FE269DEED80067F5E4 /* HMSTimer.swift */; };
		36615603269EE58A0067F5E4 /* Clock.swift in Sources */ = {isa = PBXBuildFile; fileRef = 36615602269EE58A0067F5E4 /* Clock.swift */; };
		3661560526A43CE00067F5E4 /* SettingsTableViewController.swift in Sources */ = {isa = PBXBuildFile; fileRef = 3661560426A43CE00067F5E4 /* SettingsTableViewController.swift */; };
		3661560926A58E1D0067F5E4 /* Constants.swift in Sources */ = {isa = PBXBuildFile; fileRef = 3661560826A58E1D0067F5E4 /* Constants.swift */; };
		3661560D26A59DAC0067F5E4 /* SettingsTableViewCell.swift in Sources */ = {isa = PBXBuildFile; fileRef = 3661560C26A59DAC0067F5E4 /* SettingsTableViewCell.swift */; };
		744FA5B82733FAA1A1B4C940 /* Pods_BigTimer.framework in Frameworks */ = {isa = PBXBuildFile; fileRef = B88CC78917177C7E60ADA82A /* Pods_BigTimer.framework */; };
/* End PBXBuildFile section */

/* Begin PBXFileReference section */
		054C2F8B7C038C379BD69281 /* Pods-BigTimer.debug.xcconfig */ = {isa = PBXFileReference; includeInIndex = 1; lastKnownFileType = text.xcconfig; name = "Pods-BigTimer.debug.xcconfig"; path = "Target Support Files/Pods-BigTimer/Pods-BigTimer.debug.xcconfig"; sourceTree = "<group>"; };
		366155E1269C3E800067F5E4 /* BigTimer.app */ = {isa = PBXFileReference; explicitFileType = wrapper.application; includeInIndex = 0; path = BigTimer.app; sourceTree = BUILT_PRODUCTS_DIR; };
		366155E4269C3E800067F5E4 /* AppDelegate.swift */ = {isa = PBXFileReference; lastKnownFileType = sourcecode.swift; path = AppDelegate.swift; sourceTree = "<group>"; };
		366155E6269C3E800067F5E4 /* SceneDelegate.swift */ = {isa = PBXFileReference; lastKnownFileType = sourcecode.swift; path = SceneDelegate.swift; sourceTree = "<group>"; };
		366155E8269C3E800067F5E4 /* TimerViewController.swift */ = {isa = PBXFileReference; lastKnownFileType = sourcecode.swift; path = TimerViewController.swift; sourceTree = "<group>"; };
		366155EB269C3E800067F5E4 /* Base */ = {isa = PBXFileReference; lastKnownFileType = file.storyboard; name = Base; path = Base.lproj/Main.storyboard; sourceTree = "<group>"; };
		366155ED269C3E810067F5E4 /* Assets.xcassets */ = {isa = PBXFileReference; lastKnownFileType = folder.assetcatalog; path = Assets.xcassets; sourceTree = "<group>"; };
		366155F0269C3E810067F5E4 /* Base */ = {isa = PBXFileReference; lastKnownFileType = file.storyboard; name = Base; path = Base.lproj/LaunchScreen.storyboard; sourceTree = "<group>"; };
		366155F2269C3E810067F5E4 /* Info.plist */ = {isa = PBXFileReference; lastKnownFileType = text.plist.xml; path = Info.plist; sourceTree = "<group>"; };
		366155F8269C4C160067F5E4 /* TimePickerViewController.swift */ = {isa = PBXFileReference; lastKnownFileType = sourcecode.swift; path = TimePickerViewController.swift; sourceTree = "<group>"; };
		366155FA269C5C710067F5E4 /* NSNotification.Name+CustomNotification.swift */ = {isa = PBXFileReference; lastKnownFileType = sourcecode.swift; path = "NSNotification.Name+CustomNotification.swift"; sourceTree = "<group>"; };
		366155FC269C606B0067F5E4 /* UInt+timeString.swift */ = {isa = PBXFileReference; lastKnownFileType = sourcecode.swift; path = "UInt+timeString.swift"; sourceTree = "<group>"; };
		366155FE269DEED80067F5E4 /* HMSTimer.swift */ = {isa = PBXFileReference; lastKnownFileType = sourcecode.swift; path = HMSTimer.swift; sourceTree = "<group>"; };
		36615602269EE58A0067F5E4 /* Clock.swift */ = {isa = PBXFileReference; lastKnownFileType = sourcecode.swift; path = Clock.swift; sourceTree = "<group>"; };
		3661560426A43CE00067F5E4 /* SettingsTableViewController.swift */ = {isa = PBXFileReference; lastKnownFileType = sourcecode.swift; path = SettingsTableViewController.swift; sourceTree = "<group>"; };
		3661560826A58E1D0067F5E4 /* Constants.swift */ = {isa = PBXFileReference; lastKnownFileType = sourcecode.swift; path = Constants.swift; sourceTree = "<group>"; };
		3661560C26A59DAC0067F5E4 /* SettingsTableViewCell.swift */ = {isa = PBXFileReference; lastKnownFileType = sourcecode.swift; path = SettingsTableViewCell.swift; sourceTree = "<group>"; };
		7639D07B495933BCEA956F14 /* Pods-BigTimer.release.xcconfig */ = {isa = PBXFileReference; includeInIndex = 1; lastKnownFileType = text.xcconfig; name = "Pods-BigTimer.release.xcconfig"; path = "Target Support Files/Pods-BigTimer/Pods-BigTimer.release.xcconfig"; sourceTree = "<group>"; };
		B88CC78917177C7E60ADA82A /* Pods_BigTimer.framework */ = {isa = PBXFileReference; explicitFileType = wrapper.framework; includeInIndex = 0; path = Pods_BigTimer.framework; sourceTree = BUILT_PRODUCTS_DIR; };
/* End PBXFileReference section */

/* Begin PBXFrameworksBuildPhase section */
		366155DE269C3E800067F5E4 /* Frameworks */ = {
			isa = PBXFrameworksBuildPhase;
			buildActionMask = 2147483647;
			files = (
				744FA5B82733FAA1A1B4C940 /* Pods_BigTimer.framework in Frameworks */,
			);
			runOnlyForDeploymentPostprocessing = 0;
		};
/* End PBXFrameworksBuildPhase section */

/* Begin PBXGroup section */
		35AD3D9047ECA83CC0EBE37E /* Frameworks */ = {
			isa = PBXGroup;
			children = (
				B88CC78917177C7E60ADA82A /* Pods_BigTimer.framework */,
			);
			name = Frameworks;
			sourceTree = "<group>";
		};
		366155D8269C3E800067F5E4 = {
			isa = PBXGroup;
			children = (
				366155E3269C3E800067F5E4 /* BigTimer */,
				366155E2269C3E800067F5E4 /* Products */,
				EF145C772C3D43F25CB50025 /* Pods */,
				35AD3D9047ECA83CC0EBE37E /* Frameworks */,
			);
			sourceTree = "<group>";
		};
		366155E2269C3E800067F5E4 /* Products */ = {
			isa = PBXGroup;
			children = (
				366155E1269C3E800067F5E4 /* BigTimer.app */,
			);
			name = Products;
			sourceTree = "<group>";
		};
		366155E3269C3E800067F5E4 /* BigTimer */ = {
			isa = PBXGroup;
			children = (
				366155E4269C3E800067F5E4 /* AppDelegate.swift */,
				366155E6269C3E800067F5E4 /* SceneDelegate.swift */,
				366155E8269C3E800067F5E4 /* TimerViewController.swift */,
				366155F8269C4C160067F5E4 /* TimePickerViewController.swift */,
				366155EA269C3E800067F5E4 /* Main.storyboard */,
				366155ED269C3E810067F5E4 /* Assets.xcassets */,
				366155EF269C3E810067F5E4 /* LaunchScreen.storyboard */,
				366155F2269C3E810067F5E4 /* Info.plist */,
				366155FA269C5C710067F5E4 /* NSNotification.Name+CustomNotification.swift */,
				366155FC269C606B0067F5E4 /* UInt+timeString.swift */,
				366155FE269DEED80067F5E4 /* HMSTimer.swift */,
				36615602269EE58A0067F5E4 /* Clock.swift */,
				3661560426A43CE00067F5E4 /* SettingsTableViewController.swift */,
				3661560826A58E1D0067F5E4 /* Constants.swift */,
				3661560C26A59DAC0067F5E4 /* SettingsTableViewCell.swift */,
			);
			path = BigTimer;
			sourceTree = "<group>";
		};
		EF145C772C3D43F25CB50025 /* Pods */ = {
			isa = PBXGroup;
			children = (
				054C2F8B7C038C379BD69281 /* Pods-BigTimer.debug.xcconfig */,
				7639D07B495933BCEA956F14 /* Pods-BigTimer.release.xcconfig */,
			);
			path = Pods;
			sourceTree = "<group>";
		};
/* End PBXGroup section */

/* Begin PBXNativeTarget section */
		366155E0269C3E800067F5E4 /* BigTimer */ = {
			isa = PBXNativeTarget;
			buildConfigurationList = 366155F5269C3E810067F5E4 /* Build configuration list for PBXNativeTarget "BigTimer" */;
			buildPhases = (
				AD91D338D5D24ED46A58C4B6 /* [CP] Check Pods Manifest.lock */,
				366155DD269C3E800067F5E4 /* Sources */,
				366155DE269C3E800067F5E4 /* Frameworks */,
				366155DF269C3E800067F5E4 /* Resources */,
				0E7E53789965D56272273CEE /* [CP] Embed Pods Frameworks */,
			);
			buildRules = (
			);
			dependencies = (
			);
			name = BigTimer;
			productName = BigTimer;
			productReference = 366155E1269C3E800067F5E4 /* BigTimer.app */;
			productType = "com.apple.product-type.application";
		};
/* End PBXNativeTarget section */

/* Begin PBXProject section */
		366155D9269C3E800067F5E4 /* Project object */ = {
			isa = PBXProject;
			attributes = {
				LastSwiftUpdateCheck = 1250;
				LastUpgradeCheck = 1250;
				TargetAttributes = {
					366155E0269C3E800067F5E4 = {
						CreatedOnToolsVersion = 12.5;
					};
				};
			};
			buildConfigurationList = 366155DC269C3E800067F5E4 /* Build configuration list for PBXProject "BigTimer" */;
			compatibilityVersion = "Xcode 9.3";
			developmentRegion = en;
			hasScannedForEncodings = 0;
			knownRegions = (
				en,
				Base,
			);
			mainGroup = 366155D8269C3E800067F5E4;
			productRefGroup = 366155E2269C3E800067F5E4 /* Products */;
			projectDirPath = "";
			projectRoot = "";
			targets = (
				366155E0269C3E800067F5E4 /* BigTimer */,
			);
		};
/* End PBXProject section */

/* Begin PBXResourcesBuildPhase section */
		366155DF269C3E800067F5E4 /* Resources */ = {
			isa = PBXResourcesBuildPhase;
			buildActionMask = 2147483647;
			files = (
				366155F1269C3E810067F5E4 /* LaunchScreen.storyboard in Resources */,
				366155EE269C3E810067F5E4 /* Assets.xcassets in Resources */,
				366155EC269C3E800067F5E4 /* Main.storyboard in Resources */,
			);
			runOnlyForDeploymentPostprocessing = 0;
		};
/* End PBXResourcesBuildPhase section */

/* Begin PBXShellScriptBuildPhase section */
		0E7E53789965D56272273CEE /* [CP] Embed Pods Frameworks */ = {
			isa = PBXShellScriptBuildPhase;
			buildActionMask = 2147483647;
			files = (
			);
			inputFileListPaths = (
				"${PODS_ROOT}/Target Support Files/Pods-BigTimer/Pods-BigTimer-frameworks-${CONFIGURATION}-input-files.xcfilelist",
			);
			name = "[CP] Embed Pods Frameworks";
			outputFileListPaths = (
				"${PODS_ROOT}/Target Support Files/Pods-BigTimer/Pods-BigTimer-frameworks-${CONFIGURATION}-output-files.xcfilelist",
			);
			runOnlyForDeploymentPostprocessing = 0;
			shellPath = /bin/sh;
			shellScript = "\"${PODS_ROOT}/Target Support Files/Pods-BigTimer/Pods-BigTimer-frameworks.sh\"\n";
			showEnvVarsInLog = 0;
		};
		AD91D338D5D24ED46A58C4B6 /* [CP] Check Pods Manifest.lock */ = {
			isa = PBXShellScriptBuildPhase;
			buildActionMask = 2147483647;
			files = (
			);
			inputFileListPaths = (
			);
			inputPaths = (
				"${PODS_PODFILE_DIR_PATH}/Podfile.lock",
				"${PODS_ROOT}/Manifest.lock",
			);
			name = "[CP] Check Pods Manifest.lock";
			outputFileListPaths = (
			);
			outputPaths = (
				"$(DERIVED_FILE_DIR)/Pods-BigTimer-checkManifestLockResult.txt",
			);
			runOnlyForDeploymentPostprocessing = 0;
			shellPath = /bin/sh;
			shellScript = "diff \"${PODS_PODFILE_DIR_PATH}/Podfile.lock\" \"${PODS_ROOT}/Manifest.lock\" > /dev/null\nif [ $? != 0 ] ; then\n    # print error to STDERR\n    echo \"error: The sandbox is not in sync with the Podfile.lock. Run 'pod install' or update your CocoaPods installation.\" >&2\n    exit 1\nfi\n# This output is used by Xcode 'outputs' to avoid re-running this script phase.\necho \"SUCCESS\" > \"${SCRIPT_OUTPUT_FILE_0}\"\n";
			showEnvVarsInLog = 0;
		};
/* End PBXShellScriptBuildPhase section */

/* Begin PBXSourcesBuildPhase section */
		366155DD269C3E800067F5E4 /* Sources */ = {
			isa = PBXSourcesBuildPhase;
			buildActionMask = 2147483647;
			files = (
				366155E9269C3E800067F5E4 /* TimerViewController.swift in Sources */,
				366155F9269C4C160067F5E4 /* TimePickerViewController.swift in Sources */,
				36615603269EE58A0067F5E4 /* Clock.swift in Sources */,
				366155FF269DEED80067F5E4 /* HMSTimer.swift in Sources */,
				366155E5269C3E800067F5E4 /* AppDelegate.swift in Sources */,
				3661560926A58E1D0067F5E4 /* Constants.swift in Sources */,
				3661560D26A59DAC0067F5E4 /* SettingsTableViewCell.swift in Sources */,
				3661560526A43CE00067F5E4 /* SettingsTableViewController.swift in Sources */,
				366155FB269C5C710067F5E4 /* NSNotification.Name+CustomNotification.swift in Sources */,
				366155FD269C606B0067F5E4 /* UInt+timeString.swift in Sources */,
				366155E7269C3E800067F5E4 /* SceneDelegate.swift in Sources */,
			);
			runOnlyForDeploymentPostprocessing = 0;
		};
/* End PBXSourcesBuildPhase section */

/* Begin PBXVariantGroup section */
		366155EA269C3E800067F5E4 /* Main.storyboard */ = {
			isa = PBXVariantGroup;
			children = (
				366155EB269C3E800067F5E4 /* Base */,
			);
			name = Main.storyboard;
			sourceTree = "<group>";
		};
		366155EF269C3E810067F5E4 /* LaunchScreen.storyboard */ = {
			isa = PBXVariantGroup;
			children = (
				366155F0269C3E810067F5E4 /* Base */,
			);
			name = LaunchScreen.storyboard;
			sourceTree = "<group>";
		};
/* End PBXVariantGroup section */

/* Begin XCBuildConfiguration section */
		366155F3269C3E810067F5E4 /* Debug */ = {
			isa = XCBuildConfiguration;
			buildSettings = {
				ALWAYS_SEARCH_USER_PATHS = NO;
				CLANG_ANALYZER_NONNULL = YES;
				CLANG_ANALYZER_NUMBER_OBJECT_CONVERSION = YES_AGGRESSIVE;
				CLANG_CXX_LANGUAGE_STANDARD = "gnu++14";
				CLANG_CXX_LIBRARY = "libc++";
				CLANG_ENABLE_MODULES = YES;
				CLANG_ENABLE_OBJC_ARC = YES;
				CLANG_ENABLE_OBJC_WEAK = YES;
				CLANG_WARN_BLOCK_CAPTURE_AUTORELEASING = YES;
				CLANG_WARN_BOOL_CONVERSION = YES;
				CLANG_WARN_COMMA = YES;
				CLANG_WARN_CONSTANT_CONVERSION = YES;
				CLANG_WARN_DEPRECATED_OBJC_IMPLEMENTATIONS = YES;
				CLANG_WARN_DIRECT_OBJC_ISA_USAGE = YES_ERROR;
				CLANG_WARN_DOCUMENTATION_COMMENTS = YES;
				CLANG_WARN_EMPTY_BODY = YES;
				CLANG_WARN_ENUM_CONVERSION = YES;
				CLANG_WARN_INFINITE_RECURSION = YES;
				CLANG_WARN_INT_CONVERSION = YES;
				CLANG_WARN_NON_LITERAL_NULL_CONVERSION = YES;
				CLANG_WARN_OBJC_IMPLICIT_RETAIN_SELF = YES;
				CLANG_WARN_OBJC_LITERAL_CONVERSION = YES;
				CLANG_WARN_OBJC_ROOT_CLASS = YES_ERROR;
				CLANG_WARN_QUOTED_INCLUDE_IN_FRAMEWORK_HEADER = YES;
				CLANG_WARN_RANGE_LOOP_ANALYSIS = YES;
				CLANG_WARN_STRICT_PROTOTYPES = YES;
				CLANG_WARN_SUSPICIOUS_MOVE = YES;
				CLANG_WARN_UNGUARDED_AVAILABILITY = YES_AGGRESSIVE;
				CLANG_WARN_UNREACHABLE_CODE = YES;
				CLANG_WARN__DUPLICATE_METHOD_MATCH = YES;
				COPY_PHASE_STRIP = NO;
				DEBUG_INFORMATION_FORMAT = dwarf;
				ENABLE_STRICT_OBJC_MSGSEND = YES;
				ENABLE_TESTABILITY = YES;
				GCC_C_LANGUAGE_STANDARD = gnu11;
				GCC_DYNAMIC_NO_PIC = NO;
				GCC_NO_COMMON_BLOCKS = YES;
				GCC_OPTIMIZATION_LEVEL = 0;
				GCC_PREPROCESSOR_DEFINITIONS = (
					"DEBUG=1",
					"$(inherited)",
				);
				GCC_WARN_64_TO_32_BIT_CONVERSION = YES;
				GCC_WARN_ABOUT_RETURN_TYPE = YES_ERROR;
				GCC_WARN_UNDECLARED_SELECTOR = YES;
				GCC_WARN_UNINITIALIZED_AUTOS = YES_AGGRESSIVE;
				GCC_WARN_UNUSED_FUNCTION = YES;
				GCC_WARN_UNUSED_VARIABLE = YES;
				IPHONEOS_DEPLOYMENT_TARGET = 13.0;
				MTL_ENABLE_DEBUG_INFO = INCLUDE_SOURCE;
				MTL_FAST_MATH = YES;
				ONLY_ACTIVE_ARCH = YES;
				SDKROOT = iphoneos;
				SWIFT_ACTIVE_COMPILATION_CONDITIONS = DEBUG;
				SWIFT_OPTIMIZATION_LEVEL = "-Onone";
			};
			name = Debug;
		};
		366155F4269C3E810067F5E4 /* Release */ = {
			isa = XCBuildConfiguration;
			buildSettings = {
				ALWAYS_SEARCH_USER_PATHS = NO;
				CLANG_ANALYZER_NONNULL = YES;
				CLANG_ANALYZER_NUMBER_OBJECT_CONVERSION = YES_AGGRESSIVE;
				CLANG_CXX_LANGUAGE_STANDARD = "gnu++14";
				CLANG_CXX_LIBRARY = "libc++";
				CLANG_ENABLE_MODULES = YES;
				CLANG_ENABLE_OBJC_ARC = YES;
				CLANG_ENABLE_OBJC_WEAK = YES;
				CLANG_WARN_BLOCK_CAPTURE_AUTORELEASING = YES;
				CLANG_WARN_BOOL_CONVERSION = YES;
				CLANG_WARN_COMMA = YES;
				CLANG_WARN_CONSTANT_CONVERSION = YES;
				CLANG_WARN_DEPRECATED_OBJC_IMPLEMENTATIONS = YES;
				CLANG_WARN_DIRECT_OBJC_ISA_USAGE = YES_ERROR;
				CLANG_WARN_DOCUMENTATION_COMMENTS = YES;
				CLANG_WARN_EMPTY_BODY = YES;
				CLANG_WARN_ENUM_CONVERSION = YES;
				CLANG_WARN_INFINITE_RECURSION = YES;
				CLANG_WARN_INT_CONVERSION = YES;
				CLANG_WARN_NON_LITERAL_NULL_CONVERSION = YES;
				CLANG_WARN_OBJC_IMPLICIT_RETAIN_SELF = YES;
				CLANG_WARN_OBJC_LITERAL_CONVERSION = YES;
				CLANG_WARN_OBJC_ROOT_CLASS = YES_ERROR;
				CLANG_WARN_QUOTED_INCLUDE_IN_FRAMEWORK_HEADER = YES;
				CLANG_WARN_RANGE_LOOP_ANALYSIS = YES;
				CLANG_WARN_STRICT_PROTOTYPES = YES;
				CLANG_WARN_SUSPICIOUS_MOVE = YES;
				CLANG_WARN_UNGUARDED_AVAILABILITY = YES_AGGRESSIVE;
				CLANG_WARN_UNREACHABLE_CODE = YES;
				CLANG_WARN__DUPLICATE_METHOD_MATCH = YES;
				COPY_PHASE_STRIP = NO;
				DEBUG_INFORMATION_FORMAT = "dwarf-with-dsym";
				ENABLE_NS_ASSERTIONS = NO;
				ENABLE_STRICT_OBJC_MSGSEND = YES;
				GCC_C_LANGUAGE_STANDARD = gnu11;
				GCC_NO_COMMON_BLOCKS = YES;
				GCC_WARN_64_TO_32_BIT_CONVERSION = YES;
				GCC_WARN_ABOUT_RETURN_TYPE = YES_ERROR;
				GCC_WARN_UNDECLARED_SELECTOR = YES;
				GCC_WARN_UNINITIALIZED_AUTOS = YES_AGGRESSIVE;
				GCC_WARN_UNUSED_FUNCTION = YES;
				GCC_WARN_UNUSED_VARIABLE = YES;
				IPHONEOS_DEPLOYMENT_TARGET = 13.0;
				MTL_ENABLE_DEBUG_INFO = NO;
				MTL_FAST_MATH = YES;
				SDKROOT = iphoneos;
				SWIFT_COMPILATION_MODE = wholemodule;
				SWIFT_OPTIMIZATION_LEVEL = "-O";
				VALIDATE_PRODUCT = YES;
			};
			name = Release;
		};
		366155F6269C3E810067F5E4 /* Debug */ = {
			isa = XCBuildConfiguration;
			baseConfigurationReference = 054C2F8B7C038C379BD69281 /* Pods-BigTimer.debug.xcconfig */;
			buildSettings = {
				ASSETCATALOG_COMPILER_APPICON_NAME = AppIcon;
				ASSETCATALOG_COMPILER_GLOBAL_ACCENT_COLOR_NAME = AccentColor;
				CODE_SIGN_STYLE = Automatic;
				CURRENT_PROJECT_VERSION = 3;
				DEVELOPMENT_TEAM = PF8SSD5DBD;
				INFOPLIST_FILE = BigTimer/Info.plist;
				IPHONEOS_DEPLOYMENT_TARGET = 13.0;
				LD_RUNPATH_SEARCH_PATHS = (
					"$(inherited)",
					"@executable_path/Frameworks",
				);
				PRODUCT_BUNDLE_IDENTIFIER = SM.BigTimer;
				PRODUCT_NAME = "$(TARGET_NAME)";
				SWIFT_VERSION = 5.0;
				TARGETED_DEVICE_FAMILY = "1,2";
			};
			name = Debug;
		};
		366155F7269C3E810067F5E4 /* Release */ = {
			isa = XCBuildConfiguration;
			baseConfigurationReference = 7639D07B495933BCEA956F14 /* Pods-BigTimer.release.xcconfig */;
			buildSettings = {
				ASSETCATALOG_COMPILER_APPICON_NAME = AppIcon;
				ASSETCATALOG_COMPILER_GLOBAL_ACCENT_COLOR_NAME = AccentColor;
				CODE_SIGN_STYLE = Automatic;
				CURRENT_PROJECT_VERSION = 3;
				DEVELOPMENT_TEAM = PF8SSD5DBD;
				INFOPLIST_FILE = BigTimer/Info.plist;
				IPHONEOS_DEPLOYMENT_TARGET = 13.0;
				LD_RUNPATH_SEARCH_PATHS = (
					"$(inherited)",
					"@executable_path/Frameworks",
				);
				PRODUCT_BUNDLE_IDENTIFIER = SM.BigTimer;
				PRODUCT_NAME = "$(TARGET_NAME)";
				SWIFT_VERSION = 5.0;
				TARGETED_DEVICE_FAMILY = "1,2";
			};
			name = Release;
		};
/* End XCBuildConfiguration section */

/* Begin XCConfigurationList section */
		366155DC269C3E800067F5E4 /* Build configuration list for PBXProject "BigTimer" */ = {
			isa = XCConfigurationList;
			buildConfigurations = (
				366155F3269C3E810067F5E4 /* Debug */,
				366155F4269C3E810067F5E4 /* Release */,
			);
			defaultConfigurationIsVisible = 0;
			defaultConfigurationName = Release;
		};
		366155F5269C3E810067F5E4 /* Build configuration list for PBXNativeTarget "BigTimer" */ = {
			isa = XCConfigurationList;
			buildConfigurations = (
				366155F6269C3E810067F5E4 /* Debug */,
				366155F7269C3E810067F5E4 /* Release */,
			);
			defaultConfigurationIsVisible = 0;
			defaultConfigurationName = Release;
		};
/* End XCConfigurationList section */
	};
	rootObject = 366155D9269C3E800067F5E4 /* Project object */;
}
